{
  "pins" : [
    {
      "identity" : "swiftanthropic",
      "kind" : "remoteSourceControl",
      "location" : "https://github.com/jamesrochabrun/SwiftAnthropic",
      "state" : {
        "revision" : "c921b625dcbcc0653343ae63c89d1cbfed0bd539",
        "version" : "2.1.3"
      }
    },
    {
      "identity" : "swiftopenai",
      "kind" : "remoteSourceControl",
      "location" : "https://github.com/jamesrochabrun/SwiftOpenAI",
      "state" : {
        "revision" : "3f5e195781e39ebbfec512118a1e43ec65fe4367",
        "version" : "4.0.6"
      }
    }
  ],
  "version" : 2
}
