{
  "pins" : [
    {
      "identity" : "swiftanthropic",
      "kind" : "remoteSourceControl",
      "location" : "https://github.com/jamesrochabrun/SwiftAnthropic",
      "state" : {
        "revision" : "c921b625dcbcc0653343ae63c89d1cbfed0bd539",
        "version" : "2.1.3"
      }
    },
    {
      "identity" : "swiftopenai",
      "kind" : "remoteSourceControl",
      "location" : "https://github.com/jamesrochabrun/SwiftOpenAI",
      "state" : {
        "revision" : "3e81448e4e3bf20d61065defd3a46075cf126ceb",
        "version" : "4.0.7"
      }
    }
  ],
  "version" : 2
}
